
Microsoft Visual Studio Solution File, Format Version 12.00
# Visual Studio 15
Project("{2150E333-8FDC-42A3-9474-1A3956D46DE8}") = "Support Files", "Support Files", "{1F6D2B89-92CF-4C39-8A8D-72D802BB5E0A}"
	ProjectSection(SolutionItems) = preProject
		.editorconfig = .editorconfig
		.gitattributes = .gitattributes
		.gitignore = .gitignore
		LICENSE = LICENSE
		README.md = README.md
	EndProjectSection
EndProject
Project("{FAE04EC0-301F-11D3-BF4B-00C04F79EFBC}") = "Industrious.Forms", "Industrious.Forms\Industrious.Forms.csproj", "{82344FB5-B819-4633-94F2-D7FD515A3062}"
EndProject
Project("{FAE04EC0-301F-11D3-BF4B-00C04F79EFBC}") = "Industrious.Forms.Tests", "Industrious.Forms.Tests\Industrious.Forms.Tests.csproj", "{F80CCADD-478B-41B0-BCC3-236D8CBEDC90}"
EndProject
Global
	GlobalSection(SolutionConfigurationPlatforms) = preSolution
		Debug|Any CPU = Debug|Any CPU
		Release|Any CPU = Release|Any CPU
	EndGlobalSection
	GlobalSection(ProjectConfigurationPlatforms) = postSolution
		{82344FB5-B819-4633-94F2-D7FD515A3062}.Debug|Any CPU.ActiveCfg = Debug|Any CPU
		{82344FB5-B819-4633-94F2-D7FD515A3062}.Debug|Any CPU.Build.0 = Debug|Any CPU
		{82344FB5-B819-4633-94F2-D7FD515A3062}.Release|Any CPU.ActiveCfg = Release|Any CPU
		{82344FB5-B819-4633-94F2-D7FD515A3062}.Release|Any CPU.Build.0 = Release|Any CPU
		{F80CCADD-478B-41B0-BCC3-236D8CBEDC90}.Debug|Any CPU.ActiveCfg = Debug|Any CPU
		{F80CCADD-478B-41B0-BCC3-236D8CBEDC90}.Debug|Any CPU.Build.0 = Debug|Any CPU
		{F80CCADD-478B-41B0-BCC3-236D8CBEDC90}.Release|Any CPU.ActiveCfg = Release|Any CPU
		{F80CCADD-478B-41B0-BCC3-236D8CBEDC90}.Release|Any CPU.Build.0 = Release|Any CPU
	EndGlobalSection
EndGlobal
